<?xml version="1.0" encoding="utf-8"?>
<Project ToolsVersion="4.0" xmlns="http://schemas.microsoft.com/developer/msbuild/2003">
  <ItemGroup>
    <Filter Include="소스 파일">
      <UniqueIdentifier>{4FC737F1-C7A5-4376-A066-2A32D752A2FF}</UniqueIdentifier>
      <Extensions>cpp;c;cc;cxx;def;odl;idl;hpj;bat;asm;asmx</Extensions>
    </Filter>
    <Filter Include="리소스 파일">
      <UniqueIdentifier>{67DA6AB6-F800-4c08-8B7A-83BB121AAD01}</UniqueIdentifier>
      <Extensions>rc;ico;cur;bmp;dlg;rc2;rct;bin;rgs;gif;jpg;jpeg;jpe;resx;tiff;tif;png;wav;mfcribbon-ms</Extensions>
    </Filter>
    <Filter Include="소스 파일\Network">
      <UniqueIdentifier>{d4bfc784-1a2b-41c2-9aab-797003af7eb9}</UniqueIdentifier>
    </Filter>
    <Filter Include="소스 파일\Test">
      <UniqueIdentifier>{bc6251ae-ab53-4e56-a354-69294018c404}</UniqueIdentifier>
    </Filter>
    <Filter Include="소스 파일\Util">
      <UniqueIdentifier>{40411316-f01c-4f6d-b4da-89c8a24a6887}</UniqueIdentifier>
    </Filter>
  </ItemGroup>
  <ItemGroup>
    <Text Include="ReadMe.txt" />
  </ItemGroup>
  <ItemGroup>
    <ClInclude Include="Network\TCPServer.h">
      <Filter>소스 파일\Network</Filter>
    </ClInclude>
    <ClInclude Include="Network\SessionBase.h">
      <Filter>소스 파일\Network</Filter>
    </ClInclude>
    <ClInclude Include="stdafx.h">
      <Filter>소스 파일</Filter>
    </ClInclude>
    <ClInclude Include="targetver.h">
      <Filter>소스 파일</Filter>
    </ClInclude>
    <ClInclude Include="Network\SessionFactoryBase.h">
      <Filter>소스 파일\Network</Filter>
    </ClInclude>
    <ClInclude Include="ChatSession.h">
      <Filter>소스 파일\Test</Filter>
    </ClInclude>
    <ClInclude Include="ChatSessionFactory.h">
      <Filter>소스 파일\Test</Filter>
    </ClInclude>
    <ClInclude Include="Util\LogHelper.h">
      <Filter>소스 파일\Util</Filter>
    </ClInclude>
  </ItemGroup>
  <ItemGroup>
    <ClCompile Include="stdafx.cpp">
      <Filter>소스 파일</Filter>
    </ClCompile>
    <ClCompile Include="ProtoServer.cpp">
      <Filter>소스 파일</Filter>
    </ClCompile>
    <ClCompile Include="Network\TCPServer.cpp">
      <Filter>소스 파일\Network</Filter>
    </ClCompile>
    <ClCompile Include="Network\SessionBase.cpp">
      <Filter>소스 파일\Network</Filter>
    </ClCompile>
    <ClCompile Include="Network\SessionFactoryBase.cpp">
      <Filter>소스 파일\Network</Filter>
    </ClCompile>
    <ClCompile Include="ChatSession.cpp">
      <Filter>소스 파일\Test</Filter>
    </ClCompile>
    <ClCompile Include="ChatSessionFactory.cpp">
      <Filter>소스 파일\Test</Filter>
    </ClCompile>
    <ClCompile Include="Util\LogHelper.cpp">
      <Filter>소스 파일\Util</Filter>
    </ClCompile>
  </ItemGroup>
</Project>